
Microsoft Visual Studio Solution File, Format Version 12.00
# Visual Studio Version 16
VisualStudioVersion = 16.0.29503.13
MinimumVisualStudioVersion = 10.0.40219.1
Project("{8BC9CEB8-8B4A-11D0-8D11-00A0C91BC942}") = "QtGuiApplication1", "QtGuiApplication1.vcxproj", "{5AC85EB1-EB67-4F96-8FA0-88848104947B}"
EndProject
Global
	GlobalSection(SolutionConfigurationPlatforms) = preSolution
		Debug|x64 = Debug|x64
		Release|x64 = Release|x64
	EndGlobalSection
	GlobalSection(ProjectConfigurationPlatforms) = postSolution
		{5AC85EB1-EB67-4F96-8FA0-88848104947B}.Debug|x64.ActiveCfg = Debug|x64
		{5AC85EB1-EB67-4F96-8FA0-88848104947B}.Debug|x64.Build.0 = Debug|x64
		{5AC85EB1-EB67-4F96-8FA0-88848104947B}.Release|x64.ActiveCfg = Release|x64
		{5AC85EB1-EB67-4F96-8FA0-88848104947B}.Release|x64.Build.0 = Release|x64
	EndGlobalSection
	GlobalSection(SolutionProperties) = preSolution
		HideSolutionNode = FALSE
	EndGlobalSection
	GlobalSection(ExtensibilityGlobals) = postSolution
		SolutionGuid = {316AF576-FC94-4AE1-990B-9A830885F13A}
	EndGlobalSection
EndGlobal
