
Microsoft Visual Studio Solution File, Format Version 12.00
# Visual Studio Version 16
VisualStudioVersion = 16.0.30804.86
MinimumVisualStudioVersion = 10.0.40219.1
Project("{FAE04EC0-301F-11D3-BF4B-00C04F79EFBC}") = "CodeCounter", "CodeCounter\CodeCounter.csproj", "{928CBBCB-2AEA-4A3F-94EF-0F64A5790A85}"
EndProject
Global
	GlobalSection(SolutionConfigurationPlatforms) = preSolution
		Debug|Any CPU = Debug|Any CPU
		Release|Any CPU = Release|Any CPU
	EndGlobalSection
	GlobalSection(ProjectConfigurationPlatforms) = postSolution
		{928CBBCB-2AEA-4A3F-94EF-0F64A5790A85}.Debug|Any CPU.ActiveCfg = Debug|Any CPU
		{928CBBCB-2AEA-4A3F-94EF-0F64A5790A85}.Debug|Any CPU.Build.0 = Debug|Any CPU
		{928CBBCB-2AEA-4A3F-94EF-0F64A5790A85}.Release|Any CPU.ActiveCfg = Release|Any CPU
		{928CBBCB-2AEA-4A3F-94EF-0F64A5790A85}.Release|Any CPU.Build.0 = Release|Any CPU
	EndGlobalSection
	GlobalSection(SolutionProperties) = preSolution
		HideSolutionNode = FALSE
	EndGlobalSection
	GlobalSection(ExtensibilityGlobals) = postSolution
		SolutionGuid = {A358203A-28BE-4ED6-8D9A-D8AB45F76CD0}
	EndGlobalSection
EndGlobal
